
Microsoft Visual Studio Solution File, Format Version 12.00
# Visual Studio Version 17
VisualStudioVersion = 17.5.33424.131
MinimumVisualStudioVersion = 10.0.40219.1
Project("{FAE04EC0-301F-11D3-BF4B-00C04F79EFBC}") = "Codewars", "..\CodewarsSolutions\Codewars.csproj", "{757280F0-8E50-42F9-805B-A9D1B844F796}"
EndProject
Project("{FAE04EC0-301F-11D3-BF4B-00C04F79EFBC}") = "CodeWarsTests", "..\Tests\CodeWarsTests.csproj", "{AADB70C9-8CD6-44A6-B1B4-E61E8451CEC1}"
EndProject
Global
	GlobalSection(SolutionConfigurationPlatforms) = preSolution
		Debug|Any CPU = Debug|Any CPU
		Release|Any CPU = Release|Any CPU
	EndGlobalSection
	GlobalSection(ProjectConfigurationPlatforms) = postSolution
		{757280F0-8E50-42F9-805B-A9D1B844F796}.Debug|Any CPU.ActiveCfg = Debug|Any CPU
		{757280F0-8E50-42F9-805B-A9D1B844F796}.Debug|Any CPU.Build.0 = Debug|Any CPU
		{757280F0-8E50-42F9-805B-A9D1B844F796}.Release|Any CPU.ActiveCfg = Release|Any CPU
		{757280F0-8E50-42F9-805B-A9D1B844F796}.Release|Any CPU.Build.0 = Release|Any CPU
		{AADB70C9-8CD6-44A6-B1B4-E61E8451CEC1}.Debug|Any CPU.ActiveCfg = Debug|Any CPU
		{AADB70C9-8CD6-44A6-B1B4-E61E8451CEC1}.Debug|Any CPU.Build.0 = Debug|Any CPU
		{AADB70C9-8CD6-44A6-B1B4-E61E8451CEC1}.Release|Any CPU.ActiveCfg = Release|Any CPU
		{AADB70C9-8CD6-44A6-B1B4-E61E8451CEC1}.Release|Any CPU.Build.0 = Release|Any CPU
	EndGlobalSection
	GlobalSection(SolutionProperties) = preSolution
		HideSolutionNode = FALSE
	EndGlobalSection
	GlobalSection(ExtensibilityGlobals) = postSolution
		SolutionGuid = {806CA580-7F9E-4CEF-A819-6AE8FA71AE8E}
	EndGlobalSection
EndGlobal
